dependencies:
  button:
    component_hash: 6252e776b397a2f0984a241f076d1d75b970fb4b7470d8a97c5466d003b45738
    source:
      git: https://github.com/mdvorak/esp-button.git
      type: git
    version: 8ba14d3a6032beb9a280dcf6b535241a21605b46
  idf:
    component_hash: null
    source:
      type: idf
    version: 4.4.0
  status_led:
    component_hash: 21f61208ceed653a5e20b2b8ddca1ad0b57bb33180c4c700d3ff849fe7c887f1
    source:
      git: https://github.com/mdvorak-iot/esp-status-led.git
      type: git
    version: e74a7d79b951f166e5237c2a9f82c78337a9dfd1
  u8g2:
    component_hash: 5ba41bb118cdc804740267b2e07f019c97688d681adaf25ccdb52c20010b71fe
    source:
      git: https://github.com/olikraus/u8g2.git
      type: git
    version: 41f3a6e9f4218a508d5360f63ba3c158265b4176
  u8g2_hal:
    component_hash: 409c70cf1fd07c374f11b818792a43edb7d8b1816bdfbff4ec22dad52419a1dc
    source:
      git: https://github.com/mdvorak/esp-u8g2-hal.git
      type: git
    version: 1bca5cae0b3d7594ff49dbc4936a85ec7c406903
  wifi_auto_prov:
    component_hash: f4925e7e59abd1c48e88003c5eab5b3e56a00620a89714921dfa684073ebccca
    source:
      git: https://github.com/mdvorak/esp-wifi-auto-prov.git
      type: git
    version: b166ef1803fc0cd16ea62524e47929b6abcaf0bf
  wifi_reconnect:
    component_hash: 63495552cc79fa2cb960f1dfab72b92937666247a95563b77c91aa3cc8c5b888
    source:
      git: https://github.com/mdvorak/esp-wifi-reconnect.git
      type: git
    version: aaab0c67827e2a20f0a42c62e259eba59d81008b
manifest_hash: e4aff2884b7d729a6abbf29132b1e923d476c0e8a6c791b0ee28e25ebdc6fde3
target: esp32
version: 1.0.0
